
Microsoft Visual Studio Solution File, Format Version 12.00
# Visual Studio Version 17
VisualStudioVersion = 17.9.34728.123
MinimumVisualStudioVersion = 10.0.40219.1
Project("{FAE04EC0-301F-11D3-BF4B-00C04F79EFBC}") = "SiT2_receiver", "SiT2_receiver\SiT2_receiver.csproj", "{B24848F8-AB15-4A7F-B8A5-6918DD2A8A4E}"
EndProject
Global
	GlobalSection(SolutionConfigurationPlatforms) = preSolution
		Debug|Any CPU = Debug|Any CPU
		Release|Any CPU = Release|Any CPU
	EndGlobalSection
	GlobalSection(ProjectConfigurationPlatforms) = postSolution
		{B24848F8-AB15-4A7F-B8A5-6918DD2A8A4E}.Debug|Any CPU.ActiveCfg = Debug|Any CPU
		{B24848F8-AB15-4A7F-B8A5-6918DD2A8A4E}.Debug|Any CPU.Build.0 = Debug|Any CPU
		{B24848F8-AB15-4A7F-B8A5-6918DD2A8A4E}.Release|Any CPU.ActiveCfg = Release|Any CPU
		{B24848F8-AB15-4A7F-B8A5-6918DD2A8A4E}.Release|Any CPU.Build.0 = Release|Any CPU
	EndGlobalSection
	GlobalSection(SolutionProperties) = preSolution
		HideSolutionNode = FALSE
	EndGlobalSection
	GlobalSection(ExtensibilityGlobals) = postSolution
		SolutionGuid = {BB19135C-5BEA-490A-8CF6-CE17D4B99EA7}
	EndGlobalSection
EndGlobal
